// !$*UTF8*$!
{
	archiveVersion = 1;
	classes = {
	};
	objectVersion = 46;
	objects = {

/* Begin PBXBuildFile section */
		CE5B47F914DED0E4004F26E5 /* UIKit.framework in Frameworks */ = {isa = PBXBuildFile; fileRef = CE5B47F814DED0E4004F26E5 /* UIKit.framework */; };
		CE5B47FB14DED0E4004F26E5 /* Foundation.framework in Frameworks */ = {isa = PBXBuildFile; fileRef = CE5B47FA14DED0E4004F26E5 /* Foundation.framework */; };
		CE5B47FD14DED0E4004F26E5 /* CoreGraphics.framework in Frameworks */ = {isa = PBXBuildFile; fileRef = CE5B47FC14DED0E4004F26E5 /* CoreGraphics.framework */; };
		CE5B480314DED0E4004F26E5 /* InfoPlist.strings in Resources */ = {isa = PBXBuildFile; fileRef = CE5B480114DED0E4004F26E5 /* InfoPlist.strings */; };
		CE5B480514DED0E4004F26E5 /* main.m in Sources */ = {isa = PBXBuildFile; fileRef = CE5B480414DED0E4004F26E5 /* main.m */; };
		CE5B480914DED0E4004F26E5 /* AppDelegate.m in Sources */ = {isa = PBXBuildFile; fileRef = CE5B480814DED0E4004F26E5 /* AppDelegate.m */; };
		CE5B480E14DED0E4004F26E5 /* first.png in Resources */ = {isa = PBXBuildFile; fileRef = CE5B480D14DED0E4004F26E5 /* first.png */; };
		CE5B481014DED0E4004F26E5 /* first@2x.png in Resources */ = {isa = PBXBuildFile; fileRef = CE5B480F14DED0E4004F26E5 /* first@2x.png */; };
		CE5B481514DED0E4004F26E5 /* second.png in Resources */ = {isa = PBXBuildFile; fileRef = CE5B481414DED0E4004F26E5 /* second.png */; };
		CE5B481714DED0E4004F26E5 /* second@2x.png in Resources */ = {isa = PBXBuildFile; fileRef = CE5B481614DED0E4004F26E5 /* second@2x.png */; };
		CE5B482B14DED0E4004F26E5 /* SenTestingKit.framework in Frameworks */ = {isa = PBXBuildFile; fileRef = CE5B482A14DED0E4004F26E5 /* SenTestingKit.framework */; };
		CE5B482C14DED0E4004F26E5 /* UIKit.framework in Frameworks */ = {isa = PBXBuildFile; fileRef = CE5B47F814DED0E4004F26E5 /* UIKit.framework */; };
		CE5B482D14DED0E4004F26E5 /* Foundation.framework in Frameworks */ = {isa = PBXBuildFile; fileRef = CE5B47FA14DED0E4004F26E5 /* Foundation.framework */; };
		CE5B483514DED0E4004F26E5 /* InfoPlist.strings in Resources */ = {isa = PBXBuildFile; fileRef = CE5B483314DED0E4004F26E5 /* InfoPlist.strings */; };
		CE5B483814DED0E4004F26E5 /* iComicsTests.m in Sources */ = {isa = PBXBuildFile; fileRef = CE5B483714DED0E4004F26E5 /* iComicsTests.m */; };
		CE5B484514DED197004F26E5 /* Comic.m in Sources */ = {isa = PBXBuildFile; fileRef = CE5B484214DED197004F26E5 /* Comic.m */; };
		CE5B484614DED197004F26E5 /* ComicPage.m in Sources */ = {isa = PBXBuildFile; fileRef = CE5B484414DED197004F26E5 /* ComicPage.m */; };
		CEBDF8B414E12334007B453C /* ComicsListController.m in Sources */ = {isa = PBXBuildFile; fileRef = CEBDF8B214E12333007B453C /* ComicsListController.m */; };
		CECD5D3B14E29F9F0041B69D /* ComicUITableViewCell.m in Sources */ = {isa = PBXBuildFile; fileRef = CECD5D3A14E29F9F0041B69D /* ComicUITableViewCell.m */; };
		CECD5D4014E2A23B0041B69D /* ComicUITableViewCell.h in Resources */ = {isa = PBXBuildFile; fileRef = CECD5D3F14E2A23B0041B69D /* ComicUITableViewCell.h */; };
		CECD5D4414E2A4E10041B69D /* list-item.png in Resources */ = {isa = PBXBuildFile; fileRef = CECD5D4214E2A4E10041B69D /* list-item.png */; };
		CECD5D4514E2A4E10041B69D /* list-item@2x.png in Resources */ = {isa = PBXBuildFile; fileRef = CECD5D4314E2A4E10041B69D /* list-item@2x.png */; };
		CECD5D4714E2BD420041B69D /* ComicUITableViewCell.xib in Resources */ = {isa = PBXBuildFile; fileRef = CECD5D4614E2BD420041B69D /* ComicUITableViewCell.xib */; };
		CECD5D4B14E315CC0041B69D /* ComicViewController.m in Sources */ = {isa = PBXBuildFile; fileRef = CECD5D4914E315CC0041B69D /* ComicViewController.m */; };
		CECD5D4C14E315CC0041B69D /* ComicViewController.xib in Resources */ = {isa = PBXBuildFile; fileRef = CECD5D4A14E315CC0041B69D /* ComicViewController.xib */; };
		CECD5D4E14E330B70041B69D /* ComicsListController.xib in Resources */ = {isa = PBXBuildFile; fileRef = CECD5D4D14E330B70041B69D /* ComicsListController.xib */; };
		CECD5D5014E3E1280041B69D /* QuartzCore.framework in Frameworks */ = {isa = PBXBuildFile; fileRef = CECD5D4F14E3E1280041B69D /* QuartzCore.framework */; };
		CECD5D5314E456E80041B69D /* XMLComicParser.m in Sources */ = {isa = PBXBuildFile; fileRef = CECD5D5214E456E80041B69D /* XMLComicParser.m */; };
		CECD5D5F14E4732C0041B69D /* cover.jpg in Resources */ = {isa = PBXBuildFile; fileRef = CECD5D5914E4732C0041B69D /* cover.jpg */; };
		CECD5D6014E4732C0041B69D /* line1_tile1.jpg in Resources */ = {isa = PBXBuildFile; fileRef = CECD5D5A14E4732C0041B69D /* line1_tile1.jpg */; };
		CECD5D6114E4732C0041B69D /* line1_tile2.jpg in Resources */ = {isa = PBXBuildFile; fileRef = CECD5D5B14E4732C0041B69D /* line1_tile2.jpg */; };
		CECD5D6214E4732C0041B69D /* line1_tile3.jpg in Resources */ = {isa = PBXBuildFile; fileRef = CECD5D5C14E4732C0041B69D /* line1_tile3.jpg */; };
		CECD5D6314E4732C0041B69D /* line2_tile1.jpg in Resources */ = {isa = PBXBuildFile; fileRef = CECD5D5D14E4732C0041B69D /* line2_tile1.jpg */; };
		CECD5D6414E4732C0041B69D /* line2_tile2.jpg in Resources */ = {isa = PBXBuildFile; fileRef = CECD5D5E14E4732C0041B69D /* line2_tile2.jpg */; };
		CECD5D6614E551E40041B69D /* contents.xml in Resources */ = {isa = PBXBuildFile; fileRef = CECD5D6514E551E40041B69D /* contents.xml */; };
/* End PBXBuildFile section */

/* Begin PBXContainerItemProxy section */
		CE5B482E14DED0E4004F26E5 /* PBXContainerItemProxy */ = {
			isa = PBXContainerItemProxy;
			containerPortal = CE5B47EB14DED0E4004F26E5 /* Project object */;
			proxyType = 1;
			remoteGlobalIDString = CE5B47F314DED0E4004F26E5;
			remoteInfo = iComics;
		};
/* End PBXContainerItemProxy section */

/* Begin PBXFileReference section */
		CE5B47F414DED0E4004F26E5 /* iComics.app */ = {isa = PBXFileReference; explicitFileType = wrapper.application; includeInIndex = 0; path = iComics.app; sourceTree = BUILT_PRODUCTS_DIR; };
		CE5B47F814DED0E4004F26E5 /* UIKit.framework */ = {isa = PBXFileReference; lastKnownFileType = wrapper.framework; name = UIKit.framework; path = System/Library/Frameworks/UIKit.framework; sourceTree = SDKROOT; };
		CE5B47FA14DED0E4004F26E5 /* Foundation.framework */ = {isa = PBXFileReference; lastKnownFileType = wrapper.framework; name = Foundation.framework; path = System/Library/Frameworks/Foundation.framework; sourceTree = SDKROOT; };
		CE5B47FC14DED0E4004F26E5 /* CoreGraphics.framework */ = {isa = PBXFileReference; lastKnownFileType = wrapper.framework; name = CoreGraphics.framework; path = System/Library/Frameworks/CoreGraphics.framework; sourceTree = SDKROOT; };
		CE5B480014DED0E4004F26E5 /* iComics-Info.plist */ = {isa = PBXFileReference; lastKnownFileType = text.plist.xml; path = "iComics-Info.plist"; sourceTree = "<group>"; };
		CE5B480214DED0E4004F26E5 /* en */ = {isa = PBXFileReference; lastKnownFileType = text.plist.strings; name = en; path = en.lproj/InfoPlist.strings; sourceTree = "<group>"; };
		CE5B480414DED0E4004F26E5 /* main.m */ = {isa = PBXFileReference; lastKnownFileType = sourcecode.c.objc; path = main.m; sourceTree = "<group>"; };
		CE5B480614DED0E4004F26E5 /* iComics-Prefix.pch */ = {isa = PBXFileReference; lastKnownFileType = sourcecode.c.h; path = "iComics-Prefix.pch"; sourceTree = "<group>"; };
		CE5B480714DED0E4004F26E5 /* AppDelegate.h */ = {isa = PBXFileReference; lastKnownFileType = sourcecode.c.h; path = AppDelegate.h; sourceTree = "<group>"; };
		CE5B480814DED0E4004F26E5 /* AppDelegate.m */ = {isa = PBXFileReference; lastKnownFileType = sourcecode.c.objc; path = AppDelegate.m; sourceTree = "<group>"; };
		CE5B480D14DED0E4004F26E5 /* first.png */ = {isa = PBXFileReference; lastKnownFileType = image.png; path = first.png; sourceTree = "<group>"; };
		CE5B480F14DED0E4004F26E5 /* first@2x.png */ = {isa = PBXFileReference; lastKnownFileType = image.png; path = "first@2x.png"; sourceTree = "<group>"; };
		CE5B481414DED0E4004F26E5 /* second.png */ = {isa = PBXFileReference; lastKnownFileType = image.png; path = second.png; sourceTree = "<group>"; };
		CE5B481614DED0E4004F26E5 /* second@2x.png */ = {isa = PBXFileReference; lastKnownFileType = image.png; path = "second@2x.png"; sourceTree = "<group>"; };
		CE5B482914DED0E4004F26E5 /* iComicsTests.octest */ = {isa = PBXFileReference; explicitFileType = wrapper.cfbundle; includeInIndex = 0; path = iComicsTests.octest; sourceTree = BUILT_PRODUCTS_DIR; };
		CE5B482A14DED0E4004F26E5 /* SenTestingKit.framework */ = {isa = PBXFileReference; lastKnownFileType = wrapper.framework; name = SenTestingKit.framework; path = Library/Frameworks/SenTestingKit.framework; sourceTree = DEVELOPER_DIR; };
		CE5B483214DED0E4004F26E5 /* iComicsTests-Info.plist */ = {isa = PBXFileReference; lastKnownFileType = text.plist.xml; path = "iComicsTests-Info.plist"; sourceTree = "<group>"; };
		CE5B483414DED0E4004F26E5 /* en */ = {isa = PBXFileReference; lastKnownFileType = text.plist.strings; name = en; path = en.lproj/InfoPlist.strings; sourceTree = "<group>"; };
		CE5B483614DED0E4004F26E5 /* iComicsTests.h */ = {isa = PBXFileReference; lastKnownFileType = sourcecode.c.h; path = iComicsTests.h; sourceTree = "<group>"; };
		CE5B483714DED0E4004F26E5 /* iComicsTests.m */ = {isa = PBXFileReference; lastKnownFileType = sourcecode.c.objc; path = iComicsTests.m; sourceTree = "<group>"; };
		CE5B484114DED197004F26E5 /* Comic.h */ = {isa = PBXFileReference; fileEncoding = 4; lastKnownFileType = sourcecode.c.h; path = Comic.h; sourceTree = "<group>"; };
		CE5B484214DED197004F26E5 /* Comic.m */ = {isa = PBXFileReference; fileEncoding = 4; lastKnownFileType = sourcecode.c.objc; path = Comic.m; sourceTree = "<group>"; };
		CE5B484314DED197004F26E5 /* ComicPage.h */ = {isa = PBXFileReference; fileEncoding = 4; lastKnownFileType = sourcecode.c.h; path = ComicPage.h; sourceTree = "<group>"; };
		CE5B484414DED197004F26E5 /* ComicPage.m */ = {isa = PBXFileReference; fileEncoding = 4; lastKnownFileType = sourcecode.c.objc; path = ComicPage.m; sourceTree = "<group>"; };
		CEBDF8B114E12333007B453C /* ComicsListController.h */ = {isa = PBXFileReference; fileEncoding = 4; lastKnownFileType = sourcecode.c.h; path = ComicsListController.h; sourceTree = "<group>"; };
		CEBDF8B214E12333007B453C /* ComicsListController.m */ = {isa = PBXFileReference; fileEncoding = 4; lastKnownFileType = sourcecode.c.objc; path = ComicsListController.m; sourceTree = "<group>"; };
		CECD5D3A14E29F9F0041B69D /* ComicUITableViewCell.m */ = {isa = PBXFileReference; fileEncoding = 4; lastKnownFileType = sourcecode.c.objc; path = ComicUITableViewCell.m; sourceTree = "<group>"; };
		CECD5D3F14E2A23B0041B69D /* ComicUITableViewCell.h */ = {isa = PBXFileReference; fileEncoding = 4; lastKnownFileType = sourcecode.c.h; path = ComicUITableViewCell.h; sourceTree = "<group>"; };
		CECD5D4214E2A4E10041B69D /* list-item.png */ = {isa = PBXFileReference; lastKnownFileType = image.png; path = "list-item.png"; sourceTree = "<group>"; };
		CECD5D4314E2A4E10041B69D /* list-item@2x.png */ = {isa = PBXFileReference; lastKnownFileType = image.png; path = "list-item@2x.png"; sourceTree = "<group>"; };
		CECD5D4614E2BD420041B69D /* ComicUITableViewCell.xib */ = {isa = PBXFileReference; fileEncoding = 4; lastKnownFileType = file.xib; path = ComicUITableViewCell.xib; sourceTree = "<group>"; };
		CECD5D4814E315CC0041B69D /* ComicViewController.h */ = {isa = PBXFileReference; fileEncoding = 4; lastKnownFileType = sourcecode.c.h; path = ComicViewController.h; sourceTree = "<group>"; };
		CECD5D4914E315CC0041B69D /* ComicViewController.m */ = {isa = PBXFileReference; fileEncoding = 4; lastKnownFileType = sourcecode.c.objc; path = ComicViewController.m; sourceTree = "<group>"; };
		CECD5D4A14E315CC0041B69D /* ComicViewController.xib */ = {isa = PBXFileReference; fileEncoding = 4; lastKnownFileType = file.xib; path = ComicViewController.xib; sourceTree = "<group>"; };
		CECD5D4D14E330B70041B69D /* ComicsListController.xib */ = {isa = PBXFileReference; fileEncoding = 4; lastKnownFileType = file.xib; path = ComicsListController.xib; sourceTree = "<group>"; };
		CECD5D4F14E3E1280041B69D /* QuartzCore.framework */ = {isa = PBXFileReference; lastKnownFileType = wrapper.framework; name = QuartzCore.framework; path = System/Library/Frameworks/QuartzCore.framework; sourceTree = SDKROOT; };
		CECD5D5114E456E80041B69D /* XMLComicParser.h */ = {isa = PBXFileReference; fileEncoding = 4; lastKnownFileType = sourcecode.c.h; path = XMLComicParser.h; sourceTree = "<group>"; };
		CECD5D5214E456E80041B69D /* XMLComicParser.m */ = {isa = PBXFileReference; fileEncoding = 4; lastKnownFileType = sourcecode.c.objc; path = XMLComicParser.m; sourceTree = "<group>"; };
		CECD5D5914E4732C0041B69D /* cover.jpg */ = {isa = PBXFileReference; lastKnownFileType = image.jpeg; path = cover.jpg; sourceTree = "<group>"; };
		CECD5D5A14E4732C0041B69D /* line1_tile1.jpg */ = {isa = PBXFileReference; lastKnownFileType = image.jpeg; path = line1_tile1.jpg; sourceTree = "<group>"; };
		CECD5D5B14E4732C0041B69D /* line1_tile2.jpg */ = {isa = PBXFileReference; lastKnownFileType = image.jpeg; path = line1_tile2.jpg; sourceTree = "<group>"; };
		CECD5D5C14E4732C0041B69D /* line1_tile3.jpg */ = {isa = PBXFileReference; lastKnownFileType = image.jpeg; path = line1_tile3.jpg; sourceTree = "<group>"; };
		CECD5D5D14E4732C0041B69D /* line2_tile1.jpg */ = {isa = PBXFileReference; lastKnownFileType = image.jpeg; path = line2_tile1.jpg; sourceTree = "<group>"; };
		CECD5D5E14E4732C0041B69D /* line2_tile2.jpg */ = {isa = PBXFileReference; lastKnownFileType = image.jpeg; path = line2_tile2.jpg; sourceTree = "<group>"; };
		CECD5D6514E551E40041B69D /* contents.xml */ = {isa = PBXFileReference; fileEncoding = 4; lastKnownFileType = text.xml; path = contents.xml; sourceTree = "<group>"; };
/* End PBXFileReference section */

/* Begin PBXFrameworksBuildPhase section */
		CE5B47F114DED0E4004F26E5 /* Frameworks */ = {
			isa = PBXFrameworksBuildPhase;
			buildActionMask = 2147483647;
			files = (
				CECD5D5014E3E1280041B69D /* QuartzCore.framework in Frameworks */,
				CE5B47F914DED0E4004F26E5 /* UIKit.framework in Frameworks */,
				CE5B47FD14DED0E4004F26E5 /* CoreGraphics.framework in Frameworks */,
				CE5B47FB14DED0E4004F26E5 /* Foundation.framework in Frameworks */,
			);
			runOnlyForDeploymentPostprocessing = 0;
		};
		CE5B482514DED0E4004F26E5 /* Frameworks */ = {
			isa = PBXFrameworksBuildPhase;
			buildActionMask = 2147483647;
			files = (
				CE5B482B14DED0E4004F26E5 /* SenTestingKit.framework in Frameworks */,
				CE5B482C14DED0E4004F26E5 /* UIKit.framework in Frameworks */,
				CE5B482D14DED0E4004F26E5 /* Foundation.framework in Frameworks */,
			);
			runOnlyForDeploymentPostprocessing = 0;
		};
/* End PBXFrameworksBuildPhase section */

/* Begin PBXGroup section */
		CE5B47E914DED0E4004F26E5 = {
			isa = PBXGroup;
			children = (
				CE5B47FE14DED0E4004F26E5 /* iComics */,
				CE5B483014DED0E4004F26E5 /* iComicsTests */,
				CE5B47F714DED0E4004F26E5 /* Frameworks */,
				CE5B47F514DED0E4004F26E5 /* Products */,
			);
			sourceTree = "<group>";
		};
		CE5B47F514DED0E4004F26E5 /* Products */ = {
			isa = PBXGroup;
			children = (
				CE5B47F414DED0E4004F26E5 /* iComics.app */,
				CE5B482914DED0E4004F26E5 /* iComicsTests.octest */,
			);
			name = Products;
			sourceTree = "<group>";
		};
		CE5B47F714DED0E4004F26E5 /* Frameworks */ = {
			isa = PBXGroup;
			children = (
				CECD5D4F14E3E1280041B69D /* QuartzCore.framework */,
				CE5B47F814DED0E4004F26E5 /* UIKit.framework */,
				CE5B47FA14DED0E4004F26E5 /* Foundation.framework */,
				CE5B47FC14DED0E4004F26E5 /* CoreGraphics.framework */,
				CE5B482A14DED0E4004F26E5 /* SenTestingKit.framework */,
			);
			name = Frameworks;
			sourceTree = "<group>";
		};
		CE5B47FE14DED0E4004F26E5 /* iComics */ = {
			isa = PBXGroup;
			children = (
				CECD5D4114E2A4A40041B69D /* Resources */,
				CE5B484114DED197004F26E5 /* Comic.h */,
				CE5B484214DED197004F26E5 /* Comic.m */,
				CE5B484314DED197004F26E5 /* ComicPage.h */,
				CE5B484414DED197004F26E5 /* ComicPage.m */,
				CE5B480714DED0E4004F26E5 /* AppDelegate.h */,
				CE5B480814DED0E4004F26E5 /* AppDelegate.m */,
				CE5B480D14DED0E4004F26E5 /* first.png */,
				CE5B480F14DED0E4004F26E5 /* first@2x.png */,
				CE5B481414DED0E4004F26E5 /* second.png */,
				CE5B481614DED0E4004F26E5 /* second@2x.png */,
				CE5B47FF14DED0E4004F26E5 /* Supporting Files */,
				CEBDF8B114E12333007B453C /* ComicsListController.h */,
				CECD5D4D14E330B70041B69D /* ComicsListController.xib */,
				CEBDF8B214E12333007B453C /* ComicsListController.m */,
				CECD5D3F14E2A23B0041B69D /* ComicUITableViewCell.h */,
				CECD5D4614E2BD420041B69D /* ComicUITableViewCell.xib */,
				CECD5D3A14E29F9F0041B69D /* ComicUITableViewCell.m */,
				CECD5D4814E315CC0041B69D /* ComicViewController.h */,
				CECD5D4914E315CC0041B69D /* ComicViewController.m */,
				CECD5D4A14E315CC0041B69D /* ComicViewController.xib */,
				CECD5D5114E456E80041B69D /* XMLComicParser.h */,
				CECD5D5214E456E80041B69D /* XMLComicParser.m */,
			);
			path = iComics;
			sourceTree = "<group>";
		};
		CE5B47FF14DED0E4004F26E5 /* Supporting Files */ = {
			isa = PBXGroup;
			children = (
				CE5B480014DED0E4004F26E5 /* iComics-Info.plist */,
				CE5B480114DED0E4004F26E5 /* InfoPlist.strings */,
				CE5B480414DED0E4004F26E5 /* main.m */,
				CE5B480614DED0E4004F26E5 /* iComics-Prefix.pch */,
			);
			name = "Supporting Files";
			sourceTree = "<group>";
		};
		CE5B483014DED0E4004F26E5 /* iComicsTests */ = {
			isa = PBXGroup;
			children = (
				CE5B483614DED0E4004F26E5 /* iComicsTests.h */,
				CE5B483714DED0E4004F26E5 /* iComicsTests.m */,
				CE5B483114DED0E4004F26E5 /* Supporting Files */,
			);
			path = iComicsTests;
			sourceTree = "<group>";
		};
		CE5B483114DED0E4004F26E5 /* Supporting Files */ = {
			isa = PBXGroup;
			children = (
				CE5B483214DED0E4004F26E5 /* iComicsTests-Info.plist */,
				CE5B483314DED0E4004F26E5 /* InfoPlist.strings */,
			);
			name = "Supporting Files";
			sourceTree = "<group>";
		};
		CECD5D4114E2A4A40041B69D /* Resources */ = {
			isa = PBXGroup;
			children = (
				CECD5D5814E4732C0041B69D /* comic */,
				CECD5D4214E2A4E10041B69D /* list-item.png */,
				CECD5D4314E2A4E10041B69D /* list-item@2x.png */,
			);
			name = Resources;
			sourceTree = "<group>";
		};
		CECD5D5814E4732C0041B69D /* comic */ = {
			isa = PBXGroup;
			children = (
				CECD5D6514E551E40041B69D /* contents.xml */,
				CECD5D5914E4732C0041B69D /* cover.jpg */,
				CECD5D5A14E4732C0041B69D /* line1_tile1.jpg */,
				CECD5D5B14E4732C0041B69D /* line1_tile2.jpg */,
				CECD5D5C14E4732C0041B69D /* line1_tile3.jpg */,
				CECD5D5D14E4732C0041B69D /* line2_tile1.jpg */,
				CECD5D5E14E4732C0041B69D /* line2_tile2.jpg */,
			);
			path = comic;
			sourceTree = "<group>";
		};
/* End PBXGroup section */

/* Begin PBXNativeTarget section */
		CE5B47F314DED0E4004F26E5 /* iComics */ = {
			isa = PBXNativeTarget;
			buildConfigurationList = CE5B483B14DED0E4004F26E5 /* Build configuration list for PBXNativeTarget "iComics" */;
			buildPhases = (
				CE5B47F014DED0E4004F26E5 /* Sources */,
				CE5B47F114DED0E4004F26E5 /* Frameworks */,
				CE5B47F214DED0E4004F26E5 /* Resources */,
			);
			buildRules = (
			);
			dependencies = (
			);
			name = iComics;
			productName = iComics;
			productReference = CE5B47F414DED0E4004F26E5 /* iComics.app */;
			productType = "com.apple.product-type.application";
		};
		CE5B482814DED0E4004F26E5 /* iComicsTests */ = {
			isa = PBXNativeTarget;
			buildConfigurationList = CE5B483E14DED0E4004F26E5 /* Build configuration list for PBXNativeTarget "iComicsTests" */;
			buildPhases = (
				CE5B482414DED0E4004F26E5 /* Sources */,
				CE5B482514DED0E4004F26E5 /* Frameworks */,
				CE5B482614DED0E4004F26E5 /* Resources */,
				CE5B482714DED0E4004F26E5 /* ShellScript */,
			);
			buildRules = (
			);
			dependencies = (
				CE5B482F14DED0E4004F26E5 /* PBXTargetDependency */,
			);
			name = iComicsTests;
			productName = iComicsTests;
			productReference = CE5B482914DED0E4004F26E5 /* iComicsTests.octest */;
			productType = "com.apple.product-type.bundle";
		};
/* End PBXNativeTarget section */

/* Begin PBXProject section */
		CE5B47EB14DED0E4004F26E5 /* Project object */ = {
			isa = PBXProject;
			attributes = {
				LastUpgradeCheck = 0420;
			};
			buildConfigurationList = CE5B47EE14DED0E4004F26E5 /* Build configuration list for PBXProject "iComics" */;
			compatibilityVersion = "Xcode 3.2";
			developmentRegion = English;
			hasScannedForEncodings = 0;
			knownRegions = (
				en,
			);
			mainGroup = CE5B47E914DED0E4004F26E5;
			productRefGroup = CE5B47F514DED0E4004F26E5 /* Products */;
			projectDirPath = "";
			projectRoot = "";
			targets = (
				CE5B47F314DED0E4004F26E5 /* iComics */,
				CE5B482814DED0E4004F26E5 /* iComicsTests */,
			);
		};
/* End PBXProject section */

/* Begin PBXResourcesBuildPhase section */
		CE5B47F214DED0E4004F26E5 /* Resources */ = {
			isa = PBXResourcesBuildPhase;
			buildActionMask = 2147483647;
			files = (
				CE5B480314DED0E4004F26E5 /* InfoPlist.strings in Resources */,
				CE5B480E14DED0E4004F26E5 /* first.png in Resources */,
				CE5B481014DED0E4004F26E5 /* first@2x.png in Resources */,
				CE5B481514DED0E4004F26E5 /* second.png in Resources */,
				CE5B481714DED0E4004F26E5 /* second@2x.png in Resources */,
				CECD5D4014E2A23B0041B69D /* ComicUITableViewCell.h in Resources */,
				CECD5D4414E2A4E10041B69D /* list-item.png in Resources */,
				CECD5D4514E2A4E10041B69D /* list-item@2x.png in Resources */,
				CECD5D4714E2BD420041B69D /* ComicUITableViewCell.xib in Resources */,
				CECD5D4C14E315CC0041B69D /* ComicViewController.xib in Resources */,
				CECD5D4E14E330B70041B69D /* ComicsListController.xib in Resources */,
				CECD5D5F14E4732C0041B69D /* cover.jpg in Resources */,
				CECD5D6014E4732C0041B69D /* line1_tile1.jpg in Resources */,
				CECD5D6114E4732C0041B69D /* line1_tile2.jpg in Resources */,
				CECD5D6214E4732C0041B69D /* line1_tile3.jpg in Resources */,
				CECD5D6314E4732C0041B69D /* line2_tile1.jpg in Resources */,
				CECD5D6414E4732C0041B69D /* line2_tile2.jpg in Resources */,
				CECD5D6614E551E40041B69D /* contents.xml in Resources */,
			);
			runOnlyForDeploymentPostprocessing = 0;
		};
		CE5B482614DED0E4004F26E5 /* Resources */ = {
			isa = PBXResourcesBuildPhase;
			buildActionMask = 2147483647;
			files = (
				CE5B483514DED0E4004F26E5 /* InfoPlist.strings in Resources */,
			);
			runOnlyForDeploymentPostprocessing = 0;
		};
/* End PBXResourcesBuildPhase section */

/* Begin PBXShellScriptBuildPhase section */
		CE5B482714DED0E4004F26E5 /* ShellScript */ = {
			isa = PBXShellScriptBuildPhase;
			buildActionMask = 2147483647;
			files = (
			);
			inputPaths = (
			);
			outputPaths = (
			);
			runOnlyForDeploymentPostprocessing = 0;
			shellPath = /bin/sh;
			shellScript = "# Run the unit tests in this test bundle.\n\"${SYSTEM_DEVELOPER_DIR}/Tools/RunUnitTests\"\n";
		};
/* End PBXShellScriptBuildPhase section */

/* Begin PBXSourcesBuildPhase section */
		CE5B47F014DED0E4004F26E5 /* Sources */ = {
			isa = PBXSourcesBuildPhase;
			buildActionMask = 2147483647;
			files = (
				CE5B480514DED0E4004F26E5 /* main.m in Sources */,
				CE5B480914DED0E4004F26E5 /* AppDelegate.m in Sources */,
				CE5B484514DED197004F26E5 /* Comic.m in Sources */,
				CE5B484614DED197004F26E5 /* ComicPage.m in Sources */,
				CEBDF8B414E12334007B453C /* ComicsListController.m in Sources */,
				CECD5D3B14E29F9F0041B69D /* ComicUITableViewCell.m in Sources */,
				CECD5D4B14E315CC0041B69D /* ComicViewController.m in Sources */,
				CECD5D5314E456E80041B69D /* XMLComicParser.m in Sources */,
			);
			runOnlyForDeploymentPostprocessing = 0;
		};
		CE5B482414DED0E4004F26E5 /* Sources */ = {
			isa = PBXSourcesBuildPhase;
			buildActionMask = 2147483647;
			files = (
				CE5B483814DED0E4004F26E5 /* iComicsTests.m in Sources */,
			);
			runOnlyForDeploymentPostprocessing = 0;
		};
/* End PBXSourcesBuildPhase section */

/* Begin PBXTargetDependency section */
		CE5B482F14DED0E4004F26E5 /* PBXTargetDependency */ = {
			isa = PBXTargetDependency;
			target = CE5B47F314DED0E4004F26E5 /* iComics */;
			targetProxy = CE5B482E14DED0E4004F26E5 /* PBXContainerItemProxy */;
		};
/* End PBXTargetDependency section */

/* Begin PBXVariantGroup section */
		CE5B480114DED0E4004F26E5 /* InfoPlist.strings */ = {
			isa = PBXVariantGroup;
			children = (
				CE5B480214DED0E4004F26E5 /* en */,
			);
			name = InfoPlist.strings;
			sourceTree = "<group>";
		};
		CE5B483314DED0E4004F26E5 /* InfoPlist.strings */ = {
			isa = PBXVariantGroup;
			children = (
				CE5B483414DED0E4004F26E5 /* en */,
			);
			name = InfoPlist.strings;
			sourceTree = "<group>";
		};
/* End PBXVariantGroup section */

/* Begin XCBuildConfiguration section */
		CE5B483914DED0E4004F26E5 /* Debug */ = {
			isa = XCBuildConfiguration;
			buildSettings = {
				ALWAYS_SEARCH_USER_PATHS = NO;
				ARCHS = "$(ARCHS_STANDARD_32_BIT)";
				"CODE_SIGN_IDENTITY[sdk=iphoneos*]" = "iPhone Developer";
				COPY_PHASE_STRIP = NO;
				GCC_C_LANGUAGE_STANDARD = gnu99;
				GCC_DYNAMIC_NO_PIC = NO;
				GCC_OPTIMIZATION_LEVEL = 0;
				GCC_PREPROCESSOR_DEFINITIONS = (
					"DEBUG=1",
					"$(inherited)",
				);
				GCC_SYMBOLS_PRIVATE_EXTERN = NO;
				GCC_VERSION = com.apple.compilers.llvm.clang.1_0;
				GCC_WARN_ABOUT_MISSING_PROTOTYPES = YES;
				GCC_WARN_ABOUT_RETURN_TYPE = YES;
				GCC_WARN_UNUSED_VARIABLE = YES;
				IPHONEOS_DEPLOYMENT_TARGET = 5.0;
				SDKROOT = iphoneos;
				TARGETED_DEVICE_FAMILY = "1,2";
			};
			name = Debug;
		};
		CE5B483A14DED0E4004F26E5 /* Release */ = {
			isa = XCBuildConfiguration;
			buildSettings = {
				ALWAYS_SEARCH_USER_PATHS = NO;
				ARCHS = "$(ARCHS_STANDARD_32_BIT)";
				"CODE_SIGN_IDENTITY[sdk=iphoneos*]" = "iPhone Developer";
				COPY_PHASE_STRIP = YES;
				GCC_C_LANGUAGE_STANDARD = gnu99;
				GCC_VERSION = com.apple.compilers.llvm.clang.1_0;
				GCC_WARN_ABOUT_MISSING_PROTOTYPES = YES;
				GCC_WARN_ABOUT_RETURN_TYPE = YES;
				GCC_WARN_UNUSED_VARIABLE = YES;
				IPHONEOS_DEPLOYMENT_TARGET = 5.0;
				OTHER_CFLAGS = "-DNS_BLOCK_ASSERTIONS=1";
				SDKROOT = iphoneos;
				TARGETED_DEVICE_FAMILY = "1,2";
				VALIDATE_PRODUCT = YES;
			};
			name = Release;
		};
		CE5B483C14DED0E4004F26E5 /* Debug */ = {
			isa = XCBuildConfiguration;
			buildSettings = {
				GCC_PRECOMPILE_PREFIX_HEADER = YES;
				GCC_PREFIX_HEADER = "iComics/iComics-Prefix.pch";
				INFOPLIST_FILE = "iComics/iComics-Info.plist";
				IPHONEOS_DEPLOYMENT_TARGET = 4.0;
				PRODUCT_NAME = "$(TARGET_NAME)";
				WRAPPER_EXTENSION = app;
			};
			name = Debug;
		};
		CE5B483D14DED0E4004F26E5 /* Release */ = {
			isa = XCBuildConfiguration;
			buildSettings = {
				GCC_PRECOMPILE_PREFIX_HEADER = YES;
				GCC_PREFIX_HEADER = "iComics/iComics-Prefix.pch";
				INFOPLIST_FILE = "iComics/iComics-Info.plist";
				IPHONEOS_DEPLOYMENT_TARGET = 4.0;
				PRODUCT_NAME = "$(TARGET_NAME)";
				WRAPPER_EXTENSION = app;
			};
			name = Release;
		};
		CE5B483F14DED0E4004F26E5 /* Debug */ = {
			isa = XCBuildConfiguration;
			buildSettings = {
				BUNDLE_LOADER = "$(BUILT_PRODUCTS_DIR)/iComics.app/iComics";
				FRAMEWORK_SEARCH_PATHS = (
					"$(SDKROOT)/Developer/Library/Frameworks",
					"$(DEVELOPER_LIBRARY_DIR)/Frameworks",
				);
				GCC_PRECOMPILE_PREFIX_HEADER = YES;
				GCC_PREFIX_HEADER = "iComics/iComics-Prefix.pch";
				INFOPLIST_FILE = "iComicsTests/iComicsTests-Info.plist";
				PRODUCT_NAME = "$(TARGET_NAME)";
				TEST_HOST = "$(BUNDLE_LOADER)";
				WRAPPER_EXTENSION = octest;
			};
			name = Debug;
		};
		CE5B484014DED0E4004F26E5 /* Release */ = {
			isa = XCBuildConfiguration;
			buildSettings = {
				BUNDLE_LOADER = "$(BUILT_PRODUCTS_DIR)/iComics.app/iComics";
				FRAMEWORK_SEARCH_PATHS = (
					"$(SDKROOT)/Developer/Library/Frameworks",
					"$(DEVELOPER_LIBRARY_DIR)/Frameworks",
				);
				GCC_PRECOMPILE_PREFIX_HEADER = YES;
				GCC_PREFIX_HEADER = "iComics/iComics-Prefix.pch";
				INFOPLIST_FILE = "iComicsTests/iComicsTests-Info.plist";
				PRODUCT_NAME = "$(TARGET_NAME)";
				TEST_HOST = "$(BUNDLE_LOADER)";
				WRAPPER_EXTENSION = octest;
			};
			name = Release;
		};
/* End XCBuildConfiguration section */

/* Begin XCConfigurationList section */
		CE5B47EE14DED0E4004F26E5 /* Build configuration list for PBXProject "iComics" */ = {
			isa = XCConfigurationList;
			buildConfigurations = (
				CE5B483914DED0E4004F26E5 /* Debug */,
				CE5B483A14DED0E4004F26E5 /* Release */,
			);
			defaultConfigurationIsVisible = 0;
			defaultConfigurationName = Release;
		};
		CE5B483B14DED0E4004F26E5 /* Build configuration list for PBXNativeTarget "iComics" */ = {
			isa = XCConfigurationList;
			buildConfigurations = (
				CE5B483C14DED0E4004F26E5 /* Debug */,
				CE5B483D14DED0E4004F26E5 /* Release */,
			);
			defaultConfigurationIsVisible = 0;
			defaultConfigurationName = Release;
		};
		CE5B483E14DED0E4004F26E5 /* Build configuration list for PBXNativeTarget "iComicsTests" */ = {
			isa = XCConfigurationList;
			buildConfigurations = (
				CE5B483F14DED0E4004F26E5 /* Debug */,
				CE5B484014DED0E4004F26E5 /* Release */,
			);
			defaultConfigurationIsVisible = 0;
			defaultConfigurationName = Release;
		};
/* End XCConfigurationList section */
	};
	rootObject = CE5B47EB14DED0E4004F26E5 /* Project object */;
}
